
Microsoft Visual Studio Solution File, Format Version 12.00
# Visual Studio 15
Project("{FAE04EC0-301F-11D3-BF4B-00C04F79EFBC}") = "NavMeshPlusEditor", "NavMeshPlusEditor.csproj", "{0FE78277-669C-EC20-9FC8-82079897F0C3}"
EndProject
Project("{FAE04EC0-301F-11D3-BF4B-00C04F79EFBC}") = "NavMeshPlus", "NavMeshPlus.csproj", "{2863321F-7991-5349-0392-82C6DD6E69DD}"
EndProject
Project("{FAE04EC0-301F-11D3-BF4B-00C04F79EFBC}") = "Assembly-CSharp", "Assembly-CSharp.csproj", "{DDD8CAA0-78CE-3BC6-5FF8-6718855645EE}"
EndProject
Project("{FAE04EC0-301F-11D3-BF4B-00C04F79EFBC}") = "Assembly-CSharp-Editor", "Assembly-CSharp-Editor.csproj", "{F1E4A1AD-9AAD-1985-A237-7F51C39AB227}"
EndProject
Project("{FAE04EC0-301F-11D3-BF4B-00C04F79EFBC}") = "Assembly-CSharp-firstpass", "Assembly-CSharp-firstpass.csproj", "{52FD9C22-4D05-8EB1-BE35-1F192F5A90D0}"
EndProject
Project("{FAE04EC0-301F-11D3-BF4B-00C04F79EFBC}") = "OldMovieFx.Runtime", "OldMovieFx.Runtime.csproj", "{E90ECA41-3E5B-266E-501E-7685B489A3B5}"
EndProject
Project("{FAE04EC0-301F-11D3-BF4B-00C04F79EFBC}") = "OldMovieFx.Editor", "OldMovieFx.Editor.csproj", "{4DA53791-FEA0-F7FF-0ADC-C086E98854DB}"
EndProject
Project("{FAE04EC0-301F-11D3-BF4B-00C04F79EFBC}") = "UnityPlayModeSaverEditor", "UnityPlayModeSaverEditor.csproj", "{B8EFD7EB-3224-223B-5A2A-A6BE0E4F36AA}"
EndProject
Project("{FAE04EC0-301F-11D3-BF4B-00C04F79EFBC}") = "UnityPlayModeSaver", "UnityPlayModeSaver.csproj", "{8ABAD80E-85B3-4A0B-1ACD-0C1572925E90}"
EndProject
Global
	GlobalSection(SolutionConfigurationPlatforms) = preSolution
		Debug|Any CPU = Debug|Any CPU
		Release|Any CPU = Release|Any CPU
	EndGlobalSection
	GlobalSection(ProjectConfigurationPlatforms) = postSolution
		{0FE78277-669C-EC20-9FC8-82079897F0C3}.Debug|Any CPU.ActiveCfg = Debug|Any CPU
		{0FE78277-669C-EC20-9FC8-82079897F0C3}.Debug|Any CPU.Build.0 = Debug|Any CPU
		{0FE78277-669C-EC20-9FC8-82079897F0C3}.Release|Any CPU.ActiveCfg = Release|Any CPU
		{0FE78277-669C-EC20-9FC8-82079897F0C3}.Release|Any CPU.Build.0 = Release|Any CPU
		{2863321F-7991-5349-0392-82C6DD6E69DD}.Debug|Any CPU.ActiveCfg = Debug|Any CPU
		{2863321F-7991-5349-0392-82C6DD6E69DD}.Debug|Any CPU.Build.0 = Debug|Any CPU
		{2863321F-7991-5349-0392-82C6DD6E69DD}.Release|Any CPU.ActiveCfg = Release|Any CPU
		{2863321F-7991-5349-0392-82C6DD6E69DD}.Release|Any CPU.Build.0 = Release|Any CPU
		{DDD8CAA0-78CE-3BC6-5FF8-6718855645EE}.Debug|Any CPU.ActiveCfg = Debug|Any CPU
		{DDD8CAA0-78CE-3BC6-5FF8-6718855645EE}.Debug|Any CPU.Build.0 = Debug|Any CPU
		{DDD8CAA0-78CE-3BC6-5FF8-6718855645EE}.Release|Any CPU.ActiveCfg = Release|Any CPU
		{DDD8CAA0-78CE-3BC6-5FF8-6718855645EE}.Release|Any CPU.Build.0 = Release|Any CPU
		{F1E4A1AD-9AAD-1985-A237-7F51C39AB227}.Debug|Any CPU.ActiveCfg = Debug|Any CPU
		{F1E4A1AD-9AAD-1985-A237-7F51C39AB227}.Debug|Any CPU.Build.0 = Debug|Any CPU
		{F1E4A1AD-9AAD-1985-A237-7F51C39AB227}.Release|Any CPU.ActiveCfg = Release|Any CPU
		{F1E4A1AD-9AAD-1985-A237-7F51C39AB227}.Release|Any CPU.Build.0 = Release|Any CPU
		{52FD9C22-4D05-8EB1-BE35-1F192F5A90D0}.Debug|Any CPU.ActiveCfg = Debug|Any CPU
		{52FD9C22-4D05-8EB1-BE35-1F192F5A90D0}.Debug|Any CPU.Build.0 = Debug|Any CPU
		{52FD9C22-4D05-8EB1-BE35-1F192F5A90D0}.Release|Any CPU.ActiveCfg = Release|Any CPU
		{52FD9C22-4D05-8EB1-BE35-1F192F5A90D0}.Release|Any CPU.Build.0 = Release|Any CPU
		{E90ECA41-3E5B-266E-501E-7685B489A3B5}.Debug|Any CPU.ActiveCfg = Debug|Any CPU
		{E90ECA41-3E5B-266E-501E-7685B489A3B5}.Debug|Any CPU.Build.0 = Debug|Any CPU
		{E90ECA41-3E5B-266E-501E-7685B489A3B5}.Release|Any CPU.ActiveCfg = Release|Any CPU
		{E90ECA41-3E5B-266E-501E-7685B489A3B5}.Release|Any CPU.Build.0 = Release|Any CPU
		{4DA53791-FEA0-F7FF-0ADC-C086E98854DB}.Debug|Any CPU.ActiveCfg = Debug|Any CPU
		{4DA53791-FEA0-F7FF-0ADC-C086E98854DB}.Debug|Any CPU.Build.0 = Debug|Any CPU
		{4DA53791-FEA0-F7FF-0ADC-C086E98854DB}.Release|Any CPU.ActiveCfg = Release|Any CPU
		{4DA53791-FEA0-F7FF-0ADC-C086E98854DB}.Release|Any CPU.Build.0 = Release|Any CPU
		{B8EFD7EB-3224-223B-5A2A-A6BE0E4F36AA}.Debug|Any CPU.ActiveCfg = Debug|Any CPU
		{B8EFD7EB-3224-223B-5A2A-A6BE0E4F36AA}.Debug|Any CPU.Build.0 = Debug|Any CPU
		{B8EFD7EB-3224-223B-5A2A-A6BE0E4F36AA}.Release|Any CPU.ActiveCfg = Release|Any CPU
		{B8EFD7EB-3224-223B-5A2A-A6BE0E4F36AA}.Release|Any CPU.Build.0 = Release|Any CPU
		{8ABAD80E-85B3-4A0B-1ACD-0C1572925E90}.Debug|Any CPU.ActiveCfg = Debug|Any CPU
		{8ABAD80E-85B3-4A0B-1ACD-0C1572925E90}.Debug|Any CPU.Build.0 = Debug|Any CPU
		{8ABAD80E-85B3-4A0B-1ACD-0C1572925E90}.Release|Any CPU.ActiveCfg = Release|Any CPU
		{8ABAD80E-85B3-4A0B-1ACD-0C1572925E90}.Release|Any CPU.Build.0 = Release|Any CPU
	EndGlobalSection
	GlobalSection(SolutionProperties) = preSolution
		HideSolutionNode = FALSE
	EndGlobalSection
EndGlobal
